{
  "nodes": {
    "flake-utils": {
      "locked": {
        "lastModified": 1659877975,
        "narHash": "sha256-zllb8aq3YO3h8B/U0/J1WBgAL8EX5yWf5pMj3G0NAmc=",
        "owner": "numtide",
        "repo": "flake-utils",
        "rev": "c0e246b9b83f637f4681389ecabcb2681b4f3af0",
        "type": "github"
      },
      "original": {
        "owner": "numtide",
        "repo": "flake-utils",
        "type": "github"
      }
    },
    "home-manager": {
      "inputs": {
        "nixpkgs": [
          "nixpkgs"
        ],
        "utils": "utils"
      },
      "locked": {
        "lastModified": 1673045499,
        "narHash": "sha256-Yoed5DZcXs5dCwffHgvg8yEx8UuQnUQHFezdo37zxes=",
        "owner": "nix-community",
        "repo": "home-manager",
        "rev": "709a87fe3300fc791734956125c4666a4fd42c69",
        "type": "github"
      },
      "original": {
        "owner": "nix-community",
        "ref": "master",
        "repo": "home-manager",
        "type": "github"
      }
    },
    "mk-darwin-system": {
      "inputs": {
        "flake-utils": "flake-utils",
        "home-manager": [
          "home-manager"
        ],
        "nix-darwin": [
          "nix-darwin"
        ],
        "nixpkgs": [
          "nixpkgs"
        ]
      },
      "locked": {
        "lastModified": 1665548353,
        "narHash": "sha256-K2I0XbBR/u5pmnW2V58CVt+LVlPOYz/FIA7igKjpIm4=",
        "owner": "vic",
        "repo": "mk-darwin-system",
        "rev": "1321309223d7ef11937bd2539e2da77e5b7e0151",
        "type": "github"
      },
      "original": {
        "owner": "vic",
        "repo": "mk-darwin-system",
        "rev": "1321309223d7ef11937bd2539e2da77e5b7e0151",
        "type": "github"
      }
    },
    "nix-darwin": {
      "inputs": {
        "nixpkgs": "nixpkgs"
      },
      "locked": {
        "lastModified": 1672753581,
        "narHash": "sha256-EIi2tqHoje5cE9WqH23ZghW28NOOWSUM7tcxKE1U9KI=",
        "owner": "lnl7",
        "repo": "nix-darwin",
        "rev": "3db1d870b04b13411f56ab1a50cd32b001f56433",
        "type": "github"
      },
      "original": {
        "owner": "lnl7",
        "ref": "master",
        "repo": "nix-darwin",
        "type": "github"
      }
    },
    "nixpkgs": {
      "locked": {
        "lastModified": 1668650906,
        "narHash": "sha256-JuiYfDO23O8oxUUOmhQflmOoJovyC5G4RjcYQMQjrRE=",
        "owner": "NixOS",
        "repo": "nixpkgs",
        "rev": "3a86856a13c88c8c64ea32082a851fefc79aa700",
        "type": "github"
      },
      "original": {
        "id": "nixpkgs",
        "type": "indirect"
      }
    },
    "nixpkgs_2": {
      "locked": {
        "lastModified": 1672997035,
        "narHash": "sha256-DNaNjsGMRYefBTAxFIrVOB2ok477cj1FTpqnu/mKRf4=",
        "owner": "nixos",
        "repo": "nixpkgs",
        "rev": "f1ffcf798e93b169321106a4aef79526a2b4bd0a",
        "type": "github"
      },
      "original": {
        "owner": "nixos",
        "ref": "nixpkgs-unstable",
        "repo": "nixpkgs",
        "type": "github"
      }
    },
    "nur": {
      "locked": {
        "lastModified": 1673066593,
        "narHash": "sha256-pOc6MO2Ru0EuSr8Ctra1uh83T3SSYDD7EOt57Nmln64=",
        "owner": "nix-community",
        "repo": "NUR",
        "rev": "b1a609f0300222e7e5aef19cda03c9a75099c1f7",
        "type": "github"
      },
      "original": {
        "owner": "nix-community",
        "repo": "NUR",
        "type": "github"
      }
    },
    "root": {
      "inputs": {
        "home-manager": "home-manager",
        "mk-darwin-system": "mk-darwin-system",
        "nix-darwin": "nix-darwin",
        "nixpkgs": "nixpkgs_2",
        "nur": "nur"
      }
    },
    "utils": {
      "locked": {
        "lastModified": 1667395993,
        "narHash": "sha256-nuEHfE/LcWyuSWnS8t12N1wc105Qtau+/OdUAjtQ0rA=",
        "owner": "numtide",
        "repo": "flake-utils",
        "rev": "5aed5285a952e0b949eb3ba02c12fa4fcfef535f",
        "type": "github"
      },
      "original": {
        "owner": "numtide",
        "repo": "flake-utils",
        "type": "github"
      }
    }
  },
  "root": "root",
  "version": 7
}
